
Microsoft Visual Studio Solution File, Format Version 12.00
# Visual Studio 15
VisualStudioVersion = 15.0.28010.2003
MinimumVisualStudioVersion = 10.0.40219.1
Project("{9A19103F-16F7-4668-BE54-9A1E7A4F7556}") = "GetBlockData", "GetBlockData\GetBlockData.csproj", "{67ADDE2A-AED8-4804-AA88-7E8DB8C108F1}"
EndProject
Project("{9A19103F-16F7-4668-BE54-9A1E7A4F7556}") = "BlockParser", "BlockParser\BlockParser.csproj", "{A9F94A17-FD55-43CE-B75D-64C8C85451A5}"
EndProject
Project("{9A19103F-16F7-4668-BE54-9A1E7A4F7556}") = "TransferTest", "TransferTest\TransferTest.csproj", "{D546AD4A-7AE9-4B67-B313-800D2A95CEFA}"
EndProject
Project("{9A19103F-16F7-4668-BE54-9A1E7A4F7556}") = "SmartContractDemo", "SmartContractDemo\SmartContractDemo.csproj", "{864C7F8E-4EFD-4376-B934-49FA3C7535C6}"
EndProject
Project("{2150E333-8FDC-42A3-9474-1A3956D46DE8}") = "Solution Items", "Solution Items", "{6CC5E0E6-145A-4249-B22B-DFF02E70A1BD}"
	ProjectSection(SolutionItems) = preProject
		NEO相关资料.md = NEO相关资料.md
		README.md = README.md
	EndProjectSection
EndProject
Global
	GlobalSection(SolutionConfigurationPlatforms) = preSolution
		Debug|Any CPU = Debug|Any CPU
		Release|Any CPU = Release|Any CPU
	EndGlobalSection
	GlobalSection(ProjectConfigurationPlatforms) = postSolution
		{67ADDE2A-AED8-4804-AA88-7E8DB8C108F1}.Debug|Any CPU.ActiveCfg = Debug|Any CPU
		{67ADDE2A-AED8-4804-AA88-7E8DB8C108F1}.Debug|Any CPU.Build.0 = Debug|Any CPU
		{67ADDE2A-AED8-4804-AA88-7E8DB8C108F1}.Release|Any CPU.ActiveCfg = Release|Any CPU
		{67ADDE2A-AED8-4804-AA88-7E8DB8C108F1}.Release|Any CPU.Build.0 = Release|Any CPU
		{A9F94A17-FD55-43CE-B75D-64C8C85451A5}.Debug|Any CPU.ActiveCfg = Debug|Any CPU
		{A9F94A17-FD55-43CE-B75D-64C8C85451A5}.Debug|Any CPU.Build.0 = Debug|Any CPU
		{A9F94A17-FD55-43CE-B75D-64C8C85451A5}.Release|Any CPU.ActiveCfg = Release|Any CPU
		{A9F94A17-FD55-43CE-B75D-64C8C85451A5}.Release|Any CPU.Build.0 = Release|Any CPU
		{D546AD4A-7AE9-4B67-B313-800D2A95CEFA}.Debug|Any CPU.ActiveCfg = Debug|Any CPU
		{D546AD4A-7AE9-4B67-B313-800D2A95CEFA}.Debug|Any CPU.Build.0 = Debug|Any CPU
		{D546AD4A-7AE9-4B67-B313-800D2A95CEFA}.Release|Any CPU.ActiveCfg = Release|Any CPU
		{D546AD4A-7AE9-4B67-B313-800D2A95CEFA}.Release|Any CPU.Build.0 = Release|Any CPU
		{864C7F8E-4EFD-4376-B934-49FA3C7535C6}.Debug|Any CPU.ActiveCfg = Debug|Any CPU
		{864C7F8E-4EFD-4376-B934-49FA3C7535C6}.Debug|Any CPU.Build.0 = Debug|Any CPU
		{864C7F8E-4EFD-4376-B934-49FA3C7535C6}.Release|Any CPU.ActiveCfg = Release|Any CPU
		{864C7F8E-4EFD-4376-B934-49FA3C7535C6}.Release|Any CPU.Build.0 = Release|Any CPU
	EndGlobalSection
	GlobalSection(SolutionProperties) = preSolution
		HideSolutionNode = FALSE
	EndGlobalSection
	GlobalSection(ExtensibilityGlobals) = postSolution
		SolutionGuid = {41402500-F23F-4F59-A6E9-3836C4413FD8}
	EndGlobalSection
EndGlobal
